
Microsoft Visual Studio Solution File, Format Version 12.00
# Visual Studio Version 17
VisualStudioVersion = 17.14.36414.22 d17.14
MinimumVisualStudioVersion = 10.0.40219.1
Project("{FAE04EC0-301F-11D3-BF4B-00C04F79EFBC}") = "Backend", "Backend\Backend.csproj", "{41BC6E29-6574-4768-9C64-606C505FB13C}"
EndProject
Global
	GlobalSection(SolutionConfigurationPlatforms) = preSolution
		Debug|Any CPU = Debug|Any CPU
		Release|Any CPU = Release|Any CPU
	EndGlobalSection
	GlobalSection(ProjectConfigurationPlatforms) = postSolution
		{41BC6E29-6574-4768-9C64-606C505FB13C}.Debug|Any CPU.ActiveCfg = Debug|Any CPU
		{41BC6E29-6574-4768-9C64-606C505FB13C}.Debug|Any CPU.Build.0 = Debug|Any CPU
		{41BC6E29-6574-4768-9C64-606C505FB13C}.Release|Any CPU.ActiveCfg = Release|Any CPU
		{41BC6E29-6574-4768-9C64-606C505FB13C}.Release|Any CPU.Build.0 = Release|Any CPU
	EndGlobalSection
	GlobalSection(SolutionProperties) = preSolution
		HideSolutionNode = FALSE
	EndGlobalSection
	GlobalSection(ExtensibilityGlobals) = postSolution
		SolutionGuid = {A68B61A9-3542-4067-BDE4-DC0B8BDFB543}
	EndGlobalSection
EndGlobal
